
Microsoft Visual Studio Solution File, Format Version 12.00
# Visual Studio Version 17
VisualStudioVersion = 17.1.32228.430
MinimumVisualStudioVersion = 10.0.40219.1
Project("{FAE04EC0-301F-11D3-BF4B-00C04F79EFBC}") = "ProyectoMaquinaLibro", "ProyectoMaquinaLibro\ProyectoMaquinaLibro.csproj", "{AB2C9A3D-0771-4C42-9C1C-5DC9F777BD78}"
EndProject
Project("{FAE04EC0-301F-11D3-BF4B-00C04F79EFBC}") = "MenuDeInicio", "MenuDeInicio\MenuDeInicio.csproj", "{00261B00-0CE0-4AB2-912A-71503101B89B}"
EndProject
Project("{C7167F0D-BC9F-4E6E-AFE1-012C56B48DB5}") = "WapProjTemplate1", "WapProjTemplate1\WapProjTemplate1.wapproj", "{15E984CC-8C98-45AE-8229-95498CCDE058}"
EndProject
Global
	GlobalSection(SolutionConfigurationPlatforms) = preSolution
		Debug|Any CPU = Debug|Any CPU
		Debug|ARM = Debug|ARM
		Debug|ARM64 = Debug|ARM64
		Debug|x64 = Debug|x64
		Debug|x86 = Debug|x86
		Release|Any CPU = Release|Any CPU
		Release|ARM = Release|ARM
		Release|ARM64 = Release|ARM64
		Release|x64 = Release|x64
		Release|x86 = Release|x86
	EndGlobalSection
	GlobalSection(ProjectConfigurationPlatforms) = postSolution
		{AB2C9A3D-0771-4C42-9C1C-5DC9F777BD78}.Debug|Any CPU.ActiveCfg = Debug|Any CPU
		{AB2C9A3D-0771-4C42-9C1C-5DC9F777BD78}.Debug|Any CPU.Build.0 = Debug|Any CPU
		{AB2C9A3D-0771-4C42-9C1C-5DC9F777BD78}.Debug|ARM.ActiveCfg = Debug|Any CPU
		{AB2C9A3D-0771-4C42-9C1C-5DC9F777BD78}.Debug|ARM.Build.0 = Debug|Any CPU
		{AB2C9A3D-0771-4C42-9C1C-5DC9F777BD78}.Debug|ARM64.ActiveCfg = Debug|Any CPU
		{AB2C9A3D-0771-4C42-9C1C-5DC9F777BD78}.Debug|ARM64.Build.0 = Debug|Any CPU
		{AB2C9A3D-0771-4C42-9C1C-5DC9F777BD78}.Debug|x64.ActiveCfg = Debug|Any CPU
		{AB2C9A3D-0771-4C42-9C1C-5DC9F777BD78}.Debug|x64.Build.0 = Debug|Any CPU
		{AB2C9A3D-0771-4C42-9C1C-5DC9F777BD78}.Debug|x86.ActiveCfg = Debug|Any CPU
		{AB2C9A3D-0771-4C42-9C1C-5DC9F777BD78}.Debug|x86.Build.0 = Debug|Any CPU
		{AB2C9A3D-0771-4C42-9C1C-5DC9F777BD78}.Release|Any CPU.ActiveCfg = Release|Any CPU
		{AB2C9A3D-0771-4C42-9C1C-5DC9F777BD78}.Release|Any CPU.Build.0 = Release|Any CPU
		{AB2C9A3D-0771-4C42-9C1C-5DC9F777BD78}.Release|ARM.ActiveCfg = Release|Any CPU
		{AB2C9A3D-0771-4C42-9C1C-5DC9F777BD78}.Release|ARM.Build.0 = Release|Any CPU
		{AB2C9A3D-0771-4C42-9C1C-5DC9F777BD78}.Release|ARM64.ActiveCfg = Release|Any CPU
		{AB2C9A3D-0771-4C42-9C1C-5DC9F777BD78}.Release|ARM64.Build.0 = Release|Any CPU
		{AB2C9A3D-0771-4C42-9C1C-5DC9F777BD78}.Release|x64.ActiveCfg = Release|Any CPU
		{AB2C9A3D-0771-4C42-9C1C-5DC9F777BD78}.Release|x64.Build.0 = Release|Any CPU
		{AB2C9A3D-0771-4C42-9C1C-5DC9F777BD78}.Release|x86.ActiveCfg = Release|Any CPU
		{AB2C9A3D-0771-4C42-9C1C-5DC9F777BD78}.Release|x86.Build.0 = Release|Any CPU
		{00261B00-0CE0-4AB2-912A-71503101B89B}.Debug|Any CPU.ActiveCfg = Debug|Any CPU
		{00261B00-0CE0-4AB2-912A-71503101B89B}.Debug|Any CPU.Build.0 = Debug|Any CPU
		{00261B00-0CE0-4AB2-912A-71503101B89B}.Debug|ARM.ActiveCfg = Debug|Any CPU
		{00261B00-0CE0-4AB2-912A-71503101B89B}.Debug|ARM.Build.0 = Debug|Any CPU
		{00261B00-0CE0-4AB2-912A-71503101B89B}.Debug|ARM64.ActiveCfg = Debug|Any CPU
		{00261B00-0CE0-4AB2-912A-71503101B89B}.Debug|ARM64.Build.0 = Debug|Any CPU
		{00261B00-0CE0-4AB2-912A-71503101B89B}.Debug|x64.ActiveCfg = Debug|Any CPU
		{00261B00-0CE0-4AB2-912A-71503101B89B}.Debug|x64.Build.0 = Debug|Any CPU
		{00261B00-0CE0-4AB2-912A-71503101B89B}.Debug|x86.ActiveCfg = Debug|Any CPU
		{00261B00-0CE0-4AB2-912A-71503101B89B}.Debug|x86.Build.0 = Debug|Any CPU
		{00261B00-0CE0-4AB2-912A-71503101B89B}.Release|Any CPU.ActiveCfg = Release|Any CPU
		{00261B00-0CE0-4AB2-912A-71503101B89B}.Release|Any CPU.Build.0 = Release|Any CPU
		{00261B00-0CE0-4AB2-912A-71503101B89B}.Release|ARM.ActiveCfg = Release|Any CPU
		{00261B00-0CE0-4AB2-912A-71503101B89B}.Release|ARM.Build.0 = Release|Any CPU
		{00261B00-0CE0-4AB2-912A-71503101B89B}.Release|ARM64.ActiveCfg = Release|Any CPU
		{00261B00-0CE0-4AB2-912A-71503101B89B}.Release|ARM64.Build.0 = Release|Any CPU
		{00261B00-0CE0-4AB2-912A-71503101B89B}.Release|x64.ActiveCfg = Release|Any CPU
		{00261B00-0CE0-4AB2-912A-71503101B89B}.Release|x64.Build.0 = Release|Any CPU
		{00261B00-0CE0-4AB2-912A-71503101B89B}.Release|x86.ActiveCfg = Release|Any CPU
		{00261B00-0CE0-4AB2-912A-71503101B89B}.Release|x86.Build.0 = Release|Any CPU
		{15E984CC-8C98-45AE-8229-95498CCDE058}.Debug|Any CPU.ActiveCfg = Debug|Any CPU
		{15E984CC-8C98-45AE-8229-95498CCDE058}.Debug|Any CPU.Build.0 = Debug|Any CPU
		{15E984CC-8C98-45AE-8229-95498CCDE058}.Debug|Any CPU.Deploy.0 = Debug|Any CPU
		{15E984CC-8C98-45AE-8229-95498CCDE058}.Debug|ARM.ActiveCfg = Debug|ARM
		{15E984CC-8C98-45AE-8229-95498CCDE058}.Debug|ARM.Build.0 = Debug|ARM
		{15E984CC-8C98-45AE-8229-95498CCDE058}.Debug|ARM.Deploy.0 = Debug|ARM
		{15E984CC-8C98-45AE-8229-95498CCDE058}.Debug|ARM64.ActiveCfg = Debug|ARM64
		{15E984CC-8C98-45AE-8229-95498CCDE058}.Debug|ARM64.Build.0 = Debug|ARM64
		{15E984CC-8C98-45AE-8229-95498CCDE058}.Debug|ARM64.Deploy.0 = Debug|ARM64
		{15E984CC-8C98-45AE-8229-95498CCDE058}.Debug|x64.ActiveCfg = Debug|x64
		{15E984CC-8C98-45AE-8229-95498CCDE058}.Debug|x64.Build.0 = Debug|x64
		{15E984CC-8C98-45AE-8229-95498CCDE058}.Debug|x64.Deploy.0 = Debug|x64
		{15E984CC-8C98-45AE-8229-95498CCDE058}.Debug|x86.ActiveCfg = Debug|x86
		{15E984CC-8C98-45AE-8229-95498CCDE058}.Debug|x86.Build.0 = Debug|x86
		{15E984CC-8C98-45AE-8229-95498CCDE058}.Debug|x86.Deploy.0 = Debug|x86
		{15E984CC-8C98-45AE-8229-95498CCDE058}.Release|Any CPU.ActiveCfg = Release|Any CPU
		{15E984CC-8C98-45AE-8229-95498CCDE058}.Release|Any CPU.Build.0 = Release|Any CPU
		{15E984CC-8C98-45AE-8229-95498CCDE058}.Release|Any CPU.Deploy.0 = Release|Any CPU
		{15E984CC-8C98-45AE-8229-95498CCDE058}.Release|ARM.ActiveCfg = Release|ARM
		{15E984CC-8C98-45AE-8229-95498CCDE058}.Release|ARM.Build.0 = Release|ARM
		{15E984CC-8C98-45AE-8229-95498CCDE058}.Release|ARM.Deploy.0 = Release|ARM
		{15E984CC-8C98-45AE-8229-95498CCDE058}.Release|ARM64.ActiveCfg = Release|ARM64
		{15E984CC-8C98-45AE-8229-95498CCDE058}.Release|ARM64.Build.0 = Release|ARM64
		{15E984CC-8C98-45AE-8229-95498CCDE058}.Release|ARM64.Deploy.0 = Release|ARM64
		{15E984CC-8C98-45AE-8229-95498CCDE058}.Release|x64.ActiveCfg = Release|x64
		{15E984CC-8C98-45AE-8229-95498CCDE058}.Release|x64.Build.0 = Release|x64
		{15E984CC-8C98-45AE-8229-95498CCDE058}.Release|x64.Deploy.0 = Release|x64
		{15E984CC-8C98-45AE-8229-95498CCDE058}.Release|x86.ActiveCfg = Release|x86
		{15E984CC-8C98-45AE-8229-95498CCDE058}.Release|x86.Build.0 = Release|x86
		{15E984CC-8C98-45AE-8229-95498CCDE058}.Release|x86.Deploy.0 = Release|x86
	EndGlobalSection
	GlobalSection(SolutionProperties) = preSolution
		HideSolutionNode = FALSE
	EndGlobalSection
	GlobalSection(ExtensibilityGlobals) = postSolution
		SolutionGuid = {BC58D73D-332A-4DB4-98C4-991E8D038962}
	EndGlobalSection
EndGlobal
